<Solution>
  <Folder Name="/src/">
    <Project Path="src/SystemAudioRecorder.Core/SystemAudioRecorder.Core.csproj" />
    <Project Path="src/SystemAudioRecorder/SystemAudioRecorder.csproj" />
  </Folder>
  <Folder Name="/tests/">
    <Project Path="tests/SystemAudioRecorder.Tests/SystemAudioRecorder.Tests.csproj" />
  </Folder>
</Solution>
